
Microsoft Visual Studio Solution File, Format Version 12.00
# Visual Studio Version 17
VisualStudioVersion = 17.2.32526.322
MinimumVisualStudioVersion = 10.0.40219.1
Project("{8BC9CEB8-8B4A-11D0-8D11-00A0C91BC942}") = "Highly-Divisible-Triangular-Number", "Highly-Divisible-Triangular-Number\Highly-Divisible-Triangular-Number.vcxproj", "{1BAB9F3C-1F27-47E8-9273-404EF7E61607}"
EndProject
Global
	GlobalSection(SolutionConfigurationPlatforms) = preSolution
		Debug|x64 = Debug|x64
		Debug|x86 = Debug|x86
		Release|x64 = Release|x64
		Release|x86 = Release|x86
	EndGlobalSection
	GlobalSection(ProjectConfigurationPlatforms) = postSolution
		{1BAB9F3C-1F27-47E8-9273-404EF7E61607}.Debug|x64.ActiveCfg = Debug|x64
		{1BAB9F3C-1F27-47E8-9273-404EF7E61607}.Debug|x64.Build.0 = Debug|x64
		{1BAB9F3C-1F27-47E8-9273-404EF7E61607}.Debug|x86.ActiveCfg = Debug|Win32
		{1BAB9F3C-1F27-47E8-9273-404EF7E61607}.Debug|x86.Build.0 = Debug|Win32
		{1BAB9F3C-1F27-47E8-9273-404EF7E61607}.Release|x64.ActiveCfg = Release|x64
		{1BAB9F3C-1F27-47E8-9273-404EF7E61607}.Release|x64.Build.0 = Release|x64
		{1BAB9F3C-1F27-47E8-9273-404EF7E61607}.Release|x86.ActiveCfg = Release|Win32
		{1BAB9F3C-1F27-47E8-9273-404EF7E61607}.Release|x86.Build.0 = Release|Win32
	EndGlobalSection
	GlobalSection(SolutionProperties) = preSolution
		HideSolutionNode = FALSE
	EndGlobalSection
	GlobalSection(ExtensibilityGlobals) = postSolution
		SolutionGuid = {6C5784D1-3DC0-4D1E-9455-844CCDF77BB8}
	EndGlobalSection
EndGlobal
